
Microsoft Visual Studio Solution File, Format Version 12.00
# Visual Studio Version 17
VisualStudioVersion = 17.0.31611.283
MinimumVisualStudioVersion = 10.0.40219.1
Project("{9A19103F-16F7-4668-BE54-9A1E7A4F7556}") = "MatoMusic", "MatoMusic\MatoMusic.csproj", "{1C0C3BAE-2820-41F0-BDD1-76F50775680A}"
EndProject
Project("{9A19103F-16F7-4668-BE54-9A1E7A4F7556}") = "MatoMusic.EntityFramework", "MatoMusic.EntityFramework\MatoMusic.EntityFramework.csproj", "{E259932D-C213-4638-A846-03C3E0A11F14}"
EndProject
Project("{9A19103F-16F7-4668-BE54-9A1E7A4F7556}") = "MatoMusic.Infrastructure", "MatoMusic.Infrastructure\MatoMusic.Infrastructure.csproj", "{2F81A29D-31AE-4A22-8C77-A1EA2C16E779}"
EndProject
Project("{FAE04EC0-301F-11D3-BF4B-00C04F79EFBC}") = "MatoMusic.Core", "MatoMusic.Core\MatoMusic.Core.csproj", "{292936C7-6359-446D-868B-F4263BCAA252}"
EndProject
Global
	GlobalSection(SolutionConfigurationPlatforms) = preSolution
		Debug|Any CPU = Debug|Any CPU
		Release|Any CPU = Release|Any CPU
	EndGlobalSection
	GlobalSection(ProjectConfigurationPlatforms) = postSolution
		{1C0C3BAE-2820-41F0-BDD1-76F50775680A}.Debug|Any CPU.ActiveCfg = Debug|Any CPU
		{1C0C3BAE-2820-41F0-BDD1-76F50775680A}.Debug|Any CPU.Build.0 = Debug|Any CPU
		{1C0C3BAE-2820-41F0-BDD1-76F50775680A}.Debug|Any CPU.Deploy.0 = Debug|Any CPU
		{1C0C3BAE-2820-41F0-BDD1-76F50775680A}.Release|Any CPU.ActiveCfg = Release|Any CPU
		{1C0C3BAE-2820-41F0-BDD1-76F50775680A}.Release|Any CPU.Build.0 = Release|Any CPU
		{1C0C3BAE-2820-41F0-BDD1-76F50775680A}.Release|Any CPU.Deploy.0 = Release|Any CPU
		{E259932D-C213-4638-A846-03C3E0A11F14}.Debug|Any CPU.ActiveCfg = Debug|Any CPU
		{E259932D-C213-4638-A846-03C3E0A11F14}.Debug|Any CPU.Build.0 = Debug|Any CPU
		{E259932D-C213-4638-A846-03C3E0A11F14}.Release|Any CPU.ActiveCfg = Release|Any CPU
		{E259932D-C213-4638-A846-03C3E0A11F14}.Release|Any CPU.Build.0 = Release|Any CPU
		{2F81A29D-31AE-4A22-8C77-A1EA2C16E779}.Debug|Any CPU.ActiveCfg = Debug|Any CPU
		{2F81A29D-31AE-4A22-8C77-A1EA2C16E779}.Debug|Any CPU.Build.0 = Debug|Any CPU
		{2F81A29D-31AE-4A22-8C77-A1EA2C16E779}.Release|Any CPU.ActiveCfg = Release|Any CPU
		{2F81A29D-31AE-4A22-8C77-A1EA2C16E779}.Release|Any CPU.Build.0 = Release|Any CPU
		{292936C7-6359-446D-868B-F4263BCAA252}.Debug|Any CPU.ActiveCfg = Debug|Any CPU
		{292936C7-6359-446D-868B-F4263BCAA252}.Debug|Any CPU.Build.0 = Debug|Any CPU
		{292936C7-6359-446D-868B-F4263BCAA252}.Release|Any CPU.ActiveCfg = Release|Any CPU
		{292936C7-6359-446D-868B-F4263BCAA252}.Release|Any CPU.Build.0 = Release|Any CPU
	EndGlobalSection
	GlobalSection(SolutionProperties) = preSolution
		HideSolutionNode = FALSE
	EndGlobalSection
	GlobalSection(ExtensibilityGlobals) = postSolution
		SolutionGuid = {61F7FB11-1E47-470C-91E2-47F8143E1572}
	EndGlobalSection
EndGlobal
